
Microsoft Visual Studio Solution File, Format Version 12.00
# Visual Studio Version 16
VisualStudioVersion = 16.0.29806.167
MinimumVisualStudioVersion = 10.0.40219.1
Project("{FAE04EC0-301F-11D3-BF4B-00C04F79EFBC}") = "HomeworkClass4_Task2", "HomeworkClass4_Task2\HomeworkClass4_Task2.csproj", "{9240771B-E12E-4332-A376-2F5A662D6791}"
EndProject
Global
	GlobalSection(SolutionConfigurationPlatforms) = preSolution
		Debug|Any CPU = Debug|Any CPU
		Release|Any CPU = Release|Any CPU
	EndGlobalSection
	GlobalSection(ProjectConfigurationPlatforms) = postSolution
		{9240771B-E12E-4332-A376-2F5A662D6791}.Debug|Any CPU.ActiveCfg = Debug|Any CPU
		{9240771B-E12E-4332-A376-2F5A662D6791}.Debug|Any CPU.Build.0 = Debug|Any CPU
		{9240771B-E12E-4332-A376-2F5A662D6791}.Release|Any CPU.ActiveCfg = Release|Any CPU
		{9240771B-E12E-4332-A376-2F5A662D6791}.Release|Any CPU.Build.0 = Release|Any CPU
	EndGlobalSection
	GlobalSection(SolutionProperties) = preSolution
		HideSolutionNode = FALSE
	EndGlobalSection
	GlobalSection(ExtensibilityGlobals) = postSolution
		SolutionGuid = {3A6EED72-B29A-4D09-9BAA-6AA347C0E203}
	EndGlobalSection
EndGlobal
